
Microsoft Visual Studio Solution File, Format Version 12.00
# Visual Studio Version 17
VisualStudioVersion = 17.4.33213.308
MinimumVisualStudioVersion = 10.0.40219.1
Project("{2150E333-8FDC-42A3-9474-1A3956D46DE8}") = "Services", "Services", "{A8BC2EAB-54B2-4810-8862-1ADFA2FA2205}"
EndProject
Project("{2150E333-8FDC-42A3-9474-1A3956D46DE8}") = "Catalog", "Catalog", "{ABB015C1-DC8C-4FF0-9DB4-FDEE64336F6E}"
EndProject
Project("{9A19103F-16F7-4668-BE54-9A1E7A4F7556}") = "Catalog.API", "Services\Catalog\Catalog.API\Catalog.API.csproj", "{9782896E-0355-416D-B19F-A21D6F07A835}"
EndProject
Project("{E53339B2-1760-4266-BCC7-CA923CBCF16C}") = "docker-compose", "docker-compose.dcproj", "{583BE8D6-DBBD-4E01-8014-FE2145E90C71}"
EndProject
Project("{2150E333-8FDC-42A3-9474-1A3956D46DE8}") = "Basket", "Basket", "{867D63E4-39CF-46C2-8FFA-5DB32F0E6ADE}"
EndProject
Project("{9A19103F-16F7-4668-BE54-9A1E7A4F7556}") = "Basket.API", "Services\Basket\Basket.API\Basket.API.csproj", "{3DF79646-C231-49FF-9D3B-C63C9C2837A9}"
EndProject
Project("{2150E333-8FDC-42A3-9474-1A3956D46DE8}") = "Discount", "Discount", "{2815969A-F6BF-4A33-8ACE-E97D3AFB5941}"
EndProject
Project("{9A19103F-16F7-4668-BE54-9A1E7A4F7556}") = "Discount.API", "Services\Discount\Discount.API\Discount.API.csproj", "{7907ADD2-01CA-46F4-809D-D80B6F10350D}"
EndProject
Project("{9A19103F-16F7-4668-BE54-9A1E7A4F7556}") = "Discount.Grpc", "Services\Discount\Discount.Grpc\Discount.Grpc.csproj", "{117DE2BA-45F5-4BEC-8498-96849B645A25}"
EndProject
Project("{2150E333-8FDC-42A3-9474-1A3956D46DE8}") = "BuildingBlocks", "BuildingBlocks", "{C4A0B75D-4C86-48DA-AE71-F4E2F4BD6968}"
EndProject
Project("{FAE04EC0-301F-11D3-BF4B-00C04F79EFBC}") = "EventBus.Messages", "BuildingBlocks\EventBus.Messages\EventBus.Messages.csproj", "{0BEA9A09-94E6-4033-865C-E84A7E7B2263}"
EndProject
Project("{2150E333-8FDC-42A3-9474-1A3956D46DE8}") = "Ordering", "Ordering", "{69D8C885-6F82-4315-AF85-3D8EEE4DE3F3}"
EndProject
Project("{FAE04EC0-301F-11D3-BF4B-00C04F79EFBC}") = "Ordering.API", "Services\Ordering\Ordering.API\Ordering.API.csproj", "{FA7BA730-129A-492A-B401-1AA82D40BBF3}"
EndProject
Global
	GlobalSection(SolutionConfigurationPlatforms) = preSolution
		Debug|Any CPU = Debug|Any CPU
		Release|Any CPU = Release|Any CPU
	EndGlobalSection
	GlobalSection(ProjectConfigurationPlatforms) = postSolution
		{9782896E-0355-416D-B19F-A21D6F07A835}.Debug|Any CPU.ActiveCfg = Debug|Any CPU
		{9782896E-0355-416D-B19F-A21D6F07A835}.Debug|Any CPU.Build.0 = Debug|Any CPU
		{9782896E-0355-416D-B19F-A21D6F07A835}.Release|Any CPU.ActiveCfg = Release|Any CPU
		{9782896E-0355-416D-B19F-A21D6F07A835}.Release|Any CPU.Build.0 = Release|Any CPU
		{583BE8D6-DBBD-4E01-8014-FE2145E90C71}.Debug|Any CPU.ActiveCfg = Debug|Any CPU
		{583BE8D6-DBBD-4E01-8014-FE2145E90C71}.Debug|Any CPU.Build.0 = Debug|Any CPU
		{583BE8D6-DBBD-4E01-8014-FE2145E90C71}.Release|Any CPU.ActiveCfg = Release|Any CPU
		{583BE8D6-DBBD-4E01-8014-FE2145E90C71}.Release|Any CPU.Build.0 = Release|Any CPU
		{3DF79646-C231-49FF-9D3B-C63C9C2837A9}.Debug|Any CPU.ActiveCfg = Debug|Any CPU
		{3DF79646-C231-49FF-9D3B-C63C9C2837A9}.Debug|Any CPU.Build.0 = Debug|Any CPU
		{3DF79646-C231-49FF-9D3B-C63C9C2837A9}.Release|Any CPU.ActiveCfg = Release|Any CPU
		{3DF79646-C231-49FF-9D3B-C63C9C2837A9}.Release|Any CPU.Build.0 = Release|Any CPU
		{7907ADD2-01CA-46F4-809D-D80B6F10350D}.Debug|Any CPU.ActiveCfg = Debug|Any CPU
		{7907ADD2-01CA-46F4-809D-D80B6F10350D}.Debug|Any CPU.Build.0 = Debug|Any CPU
		{7907ADD2-01CA-46F4-809D-D80B6F10350D}.Release|Any CPU.ActiveCfg = Release|Any CPU
		{7907ADD2-01CA-46F4-809D-D80B6F10350D}.Release|Any CPU.Build.0 = Release|Any CPU
		{117DE2BA-45F5-4BEC-8498-96849B645A25}.Debug|Any CPU.ActiveCfg = Debug|Any CPU
		{117DE2BA-45F5-4BEC-8498-96849B645A25}.Debug|Any CPU.Build.0 = Debug|Any CPU
		{117DE2BA-45F5-4BEC-8498-96849B645A25}.Release|Any CPU.ActiveCfg = Release|Any CPU
		{117DE2BA-45F5-4BEC-8498-96849B645A25}.Release|Any CPU.Build.0 = Release|Any CPU
		{0BEA9A09-94E6-4033-865C-E84A7E7B2263}.Debug|Any CPU.ActiveCfg = Debug|Any CPU
		{0BEA9A09-94E6-4033-865C-E84A7E7B2263}.Debug|Any CPU.Build.0 = Debug|Any CPU
		{0BEA9A09-94E6-4033-865C-E84A7E7B2263}.Release|Any CPU.ActiveCfg = Release|Any CPU
		{0BEA9A09-94E6-4033-865C-E84A7E7B2263}.Release|Any CPU.Build.0 = Release|Any CPU
		{FA7BA730-129A-492A-B401-1AA82D40BBF3}.Debug|Any CPU.ActiveCfg = Debug|Any CPU
		{FA7BA730-129A-492A-B401-1AA82D40BBF3}.Debug|Any CPU.Build.0 = Debug|Any CPU
		{FA7BA730-129A-492A-B401-1AA82D40BBF3}.Release|Any CPU.ActiveCfg = Release|Any CPU
		{FA7BA730-129A-492A-B401-1AA82D40BBF3}.Release|Any CPU.Build.0 = Release|Any CPU
	EndGlobalSection
	GlobalSection(SolutionProperties) = preSolution
		HideSolutionNode = FALSE
	EndGlobalSection
	GlobalSection(NestedProjects) = preSolution
		{ABB015C1-DC8C-4FF0-9DB4-FDEE64336F6E} = {A8BC2EAB-54B2-4810-8862-1ADFA2FA2205}
		{9782896E-0355-416D-B19F-A21D6F07A835} = {ABB015C1-DC8C-4FF0-9DB4-FDEE64336F6E}
		{867D63E4-39CF-46C2-8FFA-5DB32F0E6ADE} = {A8BC2EAB-54B2-4810-8862-1ADFA2FA2205}
		{3DF79646-C231-49FF-9D3B-C63C9C2837A9} = {867D63E4-39CF-46C2-8FFA-5DB32F0E6ADE}
		{2815969A-F6BF-4A33-8ACE-E97D3AFB5941} = {A8BC2EAB-54B2-4810-8862-1ADFA2FA2205}
		{7907ADD2-01CA-46F4-809D-D80B6F10350D} = {2815969A-F6BF-4A33-8ACE-E97D3AFB5941}
		{117DE2BA-45F5-4BEC-8498-96849B645A25} = {2815969A-F6BF-4A33-8ACE-E97D3AFB5941}
		{0BEA9A09-94E6-4033-865C-E84A7E7B2263} = {C4A0B75D-4C86-48DA-AE71-F4E2F4BD6968}
		{69D8C885-6F82-4315-AF85-3D8EEE4DE3F3} = {A8BC2EAB-54B2-4810-8862-1ADFA2FA2205}
		{FA7BA730-129A-492A-B401-1AA82D40BBF3} = {69D8C885-6F82-4315-AF85-3D8EEE4DE3F3}
	EndGlobalSection
	GlobalSection(ExtensibilityGlobals) = postSolution
		SolutionGuid = {6439DE8A-4403-41D6-9EA4-5C2969B9FB00}
	EndGlobalSection
EndGlobal
